
Microsoft Visual Studio Solution File, Format Version 12.00
# Visual Studio Version 17
VisualStudioVersion = 17.1.32228.430
MinimumVisualStudioVersion = 10.0.40219.1
Project("{FAE04EC0-301F-11D3-BF4B-00C04F79EFBC}") = "PlutoRoverAPI", "PlutoRoverAPI\PlutoRoverAPI.csproj", "{2B064B0B-E794-4481-BDEF-325095528941}"
EndProject
Project("{FAE04EC0-301F-11D3-BF4B-00C04F79EFBC}") = "PlutoRoverTest", "PlutoRoverTest\PlutoRoverTest.csproj", "{BE8D058B-C1B6-4125-BACF-E0D6FAF39336}"
EndProject
Global
	GlobalSection(SolutionConfigurationPlatforms) = preSolution
		Debug|Any CPU = Debug|Any CPU
		Release|Any CPU = Release|Any CPU
	EndGlobalSection
	GlobalSection(ProjectConfigurationPlatforms) = postSolution
		{2B064B0B-E794-4481-BDEF-325095528941}.Debug|Any CPU.ActiveCfg = Debug|Any CPU
		{2B064B0B-E794-4481-BDEF-325095528941}.Debug|Any CPU.Build.0 = Debug|Any CPU
		{2B064B0B-E794-4481-BDEF-325095528941}.Release|Any CPU.ActiveCfg = Release|Any CPU
		{2B064B0B-E794-4481-BDEF-325095528941}.Release|Any CPU.Build.0 = Release|Any CPU
		{BE8D058B-C1B6-4125-BACF-E0D6FAF39336}.Debug|Any CPU.ActiveCfg = Debug|Any CPU
		{BE8D058B-C1B6-4125-BACF-E0D6FAF39336}.Debug|Any CPU.Build.0 = Debug|Any CPU
		{BE8D058B-C1B6-4125-BACF-E0D6FAF39336}.Release|Any CPU.ActiveCfg = Release|Any CPU
		{BE8D058B-C1B6-4125-BACF-E0D6FAF39336}.Release|Any CPU.Build.0 = Release|Any CPU
	EndGlobalSection
	GlobalSection(SolutionProperties) = preSolution
		HideSolutionNode = FALSE
	EndGlobalSection
	GlobalSection(ExtensibilityGlobals) = postSolution
		SolutionGuid = {D13E0D4C-96D3-4EA1-AD17-85D0E674195E}
	EndGlobalSection
EndGlobal
